{
  "nodes": {
    "disko": {
      "inputs": {
        "nixpkgs": [
          "nixpkgs"
        ]
      },
      "locked": {
        "lastModified": 1768920986,
        "narHash": "sha256-CNzzBsRhq7gg4BMBuTDObiWDH/rFYHEuDRVOwCcwXw4=",
        "owner": "nix-community",
        "repo": "disko",
        "rev": "de5708739256238fb912c62f03988815db89ec9a",
        "type": "github"
      },
      "original": {
        "owner": "nix-community",
        "ref": "latest",
        "repo": "disko",
        "type": "github"
      }
    },
    "home-manager": {
      "inputs": {
        "nixpkgs": [
          "nixpkgs"
        ]
      },
      "locked": {
        "lastModified": 1787377438,
        "narHash": "sha256-Sxu1NLTD/Ern6hFGLlZmtKCSct3YQXZI/lls8RE1XeM=",
        "owner": "nix-community",
        "repo": "home-manager",
        "rev": "65258d5c65a250189fde2e35f490d15e064c4c62",
        "type": "github"
      },
      "original": {
        "owner": "nix-community",
        "ref": "release-26.05",
        "repo": "home-manager",
        "type": "github"
      }
    },
    "nixpkgs": {
      "locked": {
        "lastModified": 1787753485,
        "narHash": "sha256-BZWCi9ZRJiARTuKTbbtvFTj7t1TK4G3UEckT3HyNfRg=",
        "owner": "NixOS",
        "repo": "nixpkgs",
        "rev": "062346a6d85bc4b49dfaa61c986e9c5be21217d1",
        "type": "github"
      },
      "original": {
        "owner": "NixOS",
        "ref": "nixos-26.05",
        "repo": "nixpkgs",
        "type": "github"
      }
    },
    "noctalia": {
      "inputs": {
        "nixpkgs": [
          "nixpkgs"
        ]
      },
      "locked": {
        "lastModified": 1787770646,
        "narHash": "sha256-XKVCQNebyqRXTMwI/YR9nMd42Q5nYP65L8xkNcbQDXM=",
        "owner": "noctalia-dev",
        "repo": "noctalia",
        "rev": "75a00852ddeaf31442bb3bbe8440fc71b3fbe9e6",
        "type": "github"
      },
      "original": {
        "owner": "noctalia-dev",
        "repo": "noctalia",
        "type": "github"
      }
    },
    "noctalia-greeter": {
      "inputs": {
        "nixpkgs": [
          "nixpkgs"
        ]
      },
      "locked": {
        "lastModified": 1787482410,
        "narHash": "sha256-R32LF+S4NnmJwSnzt5xKjb15RjYemb/ZZRnDnP5lxfs=",
        "owner": "noctalia-dev",
        "repo": "noctalia-greeter",
        "rev": "5956c6f40249b2837bb260d25ea3953a2631fbdc",
        "type": "github"
      },
      "original": {
        "owner": "noctalia-dev",
        "repo": "noctalia-greeter",
        "type": "github"
      }
    },
    "root": {
      "inputs": {
        "disko": "disko",
        "home-manager": "home-manager",
        "nixpkgs": "nixpkgs",
        "noctalia": "noctalia",
        "noctalia-greeter": "noctalia-greeter",
        "umbriel": "umbriel"
      }
    },
    "umbriel": {
      "inputs": {
        "nixpkgs": [
          "nixpkgs"
        ],
        "xdg-desktop-portal-umbriel": "xdg-desktop-portal-umbriel"
      },
      "locked": {
        "lastModified": 1787804988,
        "narHash": "sha256-hbXPofCvuGgKlslCky0J1SeodjmUsNVBdKemrnCfih8=",
        "ref": "refs/heads/main",
        "rev": "15188d2ef432405a8f7d97b8f57c9175bbfe157f",
        "revCount": 605,
        "submodules": true,
        "type": "git",
        "url": "https://github.com/noctalia-dev/umbriel"
      },
      "original": {
        "submodules": true,
        "type": "git",
        "url": "https://github.com/noctalia-dev/umbriel"
      }
    },
    "xdg-desktop-portal-umbriel": {
      "inputs": {
        "nixpkgs": [
          "umbriel",
          "nixpkgs"
        ]
      },
      "locked": {
        "lastModified": 1787580138,
        "narHash": "sha256-fqU58lZeFchlY5aqyQgIfrN5ec/jqbhXNwNxyL2lp/g=",
        "owner": "noctalia-dev",
        "repo": "xdg-desktop-portal-umbriel",
        "rev": "515c9f70f13ba4b4b9e19930b3e899c4ac8a50a4",
        "type": "github"
      },
      "original": {
        "owner": "noctalia-dev",
        "repo": "xdg-desktop-portal-umbriel",
        "type": "github"
      }
    }
  },
  "root": "root",
  "version": 7
}
